// !$*UTF8*$!
{
	archiveVersion = 1;
	classes = {
	};
	objectVersion = 46;
	objects = {

/* Begin PBXBuildFile section */
		035EDC0816F2DF30000D54BF /* RegistrationTurtle.m in Sources */ = {isa = PBXBuildFile; fileRef = 035EDC0716F2DF30000D54BF /* RegistrationTurtle.m */; };
		035EDC1116F3EF74000D54BF /* QuestViewController.m in Sources */ = {isa = PBXBuildFile; fileRef = 035EDC1016F3EF73000D54BF /* QuestViewController.m */; };
		035EDC1416F3FA5C000D54BF /* RootViewController.m in Sources */ = {isa = PBXBuildFile; fileRef = 035EDC1316F3FA5C000D54BF /* RootViewController.m */; };
		035EDC1816F435CD000D54BF /* LogoutTurtle.m in Sources */ = {isa = PBXBuildFile; fileRef = 035EDC1716F435CD000D54BF /* LogoutTurtle.m */; };
		035EDC1B16F44D41000D54BF /* Constants.m in Sources */ = {isa = PBXBuildFile; fileRef = 035EDC1A16F44D41000D54BF /* Constants.m */; };
		035EDC2616F50342000D54BF /* wow_icon_large.png in Resources */ = {isa = PBXBuildFile; fileRef = 035EDC2416F50342000D54BF /* wow_icon_large.png */; };
		035EDC2716F50342000D54BF /* wow_icon_small.png in Resources */ = {isa = PBXBuildFile; fileRef = 035EDC2516F50342000D54BF /* wow_icon_small.png */; };
		037875D916F1ADA100F6195F /* SettingsViewController.m in Sources */ = {isa = PBXBuildFile; fileRef = 037875D816F1ADA100F6195F /* SettingsViewController.m */; };
		037875DA16F1ADA100F6195F /* SettingsViewController.m in Sources */ = {isa = PBXBuildFile; fileRef = 037875D816F1ADA100F6195F /* SettingsViewController.m */; };
		037875DD16F1C27300F6195F /* LoginManager.m in Sources */ = {isa = PBXBuildFile; fileRef = 037875DC16F1C27300F6195F /* LoginManager.m */; };
		037875DE16F1C27300F6195F /* LoginManager.m in Sources */ = {isa = PBXBuildFile; fileRef = 037875DC16F1C27300F6195F /* LoginManager.m */; };
		03BCE63416F11BBC00FCA1BF /* UIKit.framework in Frameworks */ = {isa = PBXBuildFile; fileRef = 03BCE63316F11BBC00FCA1BF /* UIKit.framework */; };
		03BCE63616F11BBC00FCA1BF /* Foundation.framework in Frameworks */ = {isa = PBXBuildFile; fileRef = 03BCE63516F11BBC00FCA1BF /* Foundation.framework */; };
		03BCE63816F11BBC00FCA1BF /* CoreGraphics.framework in Frameworks */ = {isa = PBXBuildFile; fileRef = 03BCE63716F11BBC00FCA1BF /* CoreGraphics.framework */; };
		03BCE63E16F11BBC00FCA1BF /* InfoPlist.strings in Resources */ = {isa = PBXBuildFile; fileRef = 03BCE63C16F11BBC00FCA1BF /* InfoPlist.strings */; };
		03BCE64016F11BBC00FCA1BF /* main.m in Sources */ = {isa = PBXBuildFile; fileRef = 03BCE63F16F11BBC00FCA1BF /* main.m */; };
		03BCE64416F11BBC00FCA1BF /* AppDelegate.m in Sources */ = {isa = PBXBuildFile; fileRef = 03BCE64316F11BBC00FCA1BF /* AppDelegate.m */; };
		03BCE64616F11BBC00FCA1BF /* Default.png in Resources */ = {isa = PBXBuildFile; fileRef = 03BCE64516F11BBC00FCA1BF /* Default.png */; };
		03BCE64816F11BBC00FCA1BF /* Default@2x.png in Resources */ = {isa = PBXBuildFile; fileRef = 03BCE64716F11BBC00FCA1BF /* Default@2x.png */; };
		03BCE64A16F11BBC00FCA1BF /* Default-568h@2x.png in Resources */ = {isa = PBXBuildFile; fileRef = 03BCE64916F11BBC00FCA1BF /* Default-568h@2x.png */; };
		03BCE64D16F11BBC00FCA1BF /* MainStoryboard.storyboard in Resources */ = {isa = PBXBuildFile; fileRef = 03BCE64B16F11BBC00FCA1BF /* MainStoryboard.storyboard */; };
		03BCE65016F11BBC00FCA1BF /* LoginViewController.m in Sources */ = {isa = PBXBuildFile; fileRef = 03BCE64F16F11BBC00FCA1BF /* LoginViewController.m */; };
		03BCE65216F11BBC00FCA1BF /* first.png in Resources */ = {isa = PBXBuildFile; fileRef = 03BCE65116F11BBC00FCA1BF /* first.png */; };
		03BCE65416F11BBC00FCA1BF /* first@2x.png in Resources */ = {isa = PBXBuildFile; fileRef = 03BCE65316F11BBC00FCA1BF /* first@2x.png */; };
		03BCE65916F11BBC00FCA1BF /* second.png in Resources */ = {isa = PBXBuildFile; fileRef = 03BCE65816F11BBC00FCA1BF /* second.png */; };
		03BCE65B16F11BBC00FCA1BF /* second@2x.png in Resources */ = {isa = PBXBuildFile; fileRef = 03BCE65A16F11BBC00FCA1BF /* second@2x.png */; };
		03BCE66316F11BBC00FCA1BF /* SenTestingKit.framework in Frameworks */ = {isa = PBXBuildFile; fileRef = 03BCE66216F11BBC00FCA1BF /* SenTestingKit.framework */; };
		03BCE66416F11BBC00FCA1BF /* UIKit.framework in Frameworks */ = {isa = PBXBuildFile; fileRef = 03BCE63316F11BBC00FCA1BF /* UIKit.framework */; };
		03BCE66516F11BBC00FCA1BF /* Foundation.framework in Frameworks */ = {isa = PBXBuildFile; fileRef = 03BCE63516F11BBC00FCA1BF /* Foundation.framework */; };
		03BCE66D16F11BBC00FCA1BF /* InfoPlist.strings in Resources */ = {isa = PBXBuildFile; fileRef = 03BCE66B16F11BBC00FCA1BF /* InfoPlist.strings */; };
		03BCE67016F11BBC00FCA1BF /* enQuestTests.m in Sources */ = {isa = PBXBuildFile; fileRef = 03BCE66F16F11BBC00FCA1BF /* enQuestTests.m */; };
		03BCE67E16F1322500FCA1BF /* Turtle.m in Sources */ = {isa = PBXBuildFile; fileRef = 03BCE67A16F1322500FCA1BF /* Turtle.m */; };
		03BCE67F16F1322500FCA1BF /* Turtle.m in Sources */ = {isa = PBXBuildFile; fileRef = 03BCE67A16F1322500FCA1BF /* Turtle.m */; };
		03BCE68016F1322500FCA1BF /* LoginTurtle.m in Sources */ = {isa = PBXBuildFile; fileRef = 03BCE67C16F1322500FCA1BF /* LoginTurtle.m */; };
		03BCE68116F1322600FCA1BF /* LoginTurtle.m in Sources */ = {isa = PBXBuildFile; fileRef = 03BCE67C16F1322500FCA1BF /* LoginTurtle.m */; };
		03BCE68416F132BA00FCA1BF /* MasterQueueManager.m in Sources */ = {isa = PBXBuildFile; fileRef = 03BCE68316F132BA00FCA1BF /* MasterQueueManager.m */; };
		03BCE68516F132BA00FCA1BF /* MasterQueueManager.m in Sources */ = {isa = PBXBuildFile; fileRef = 03BCE68316F132BA00FCA1BF /* MasterQueueManager.m */; };
/* End PBXBuildFile section */

/* Begin PBXContainerItemProxy section */
		03BCE66616F11BBC00FCA1BF /* PBXContainerItemProxy */ = {
			isa = PBXContainerItemProxy;
			containerPortal = 03BCE62816F11BBC00FCA1BF /* Project object */;
			proxyType = 1;
			remoteGlobalIDString = 03BCE62F16F11BBC00FCA1BF;
			remoteInfo = enQuest;
		};
/* End PBXContainerItemProxy section */

/* Begin PBXFileReference section */
		035EDC0616F2DF2F000D54BF /* RegistrationTurtle.h */ = {isa = PBXFileReference; fileEncoding = 4; lastKnownFileType = sourcecode.c.h; path = RegistrationTurtle.h; sourceTree = "<group>"; };
		035EDC0716F2DF30000D54BF /* RegistrationTurtle.m */ = {isa = PBXFileReference; fileEncoding = 4; lastKnownFileType = sourcecode.c.objc; lineEnding = 0; path = RegistrationTurtle.m; sourceTree = "<group>"; xcLanguageSpecificationIdentifier = xcode.lang.objc; };
		035EDC0916F2E262000D54BF /* RegistrationTurtleDelegate.h */ = {isa = PBXFileReference; fileEncoding = 4; lastKnownFileType = sourcecode.c.h; path = RegistrationTurtleDelegate.h; sourceTree = "<group>"; };
		035EDC0D16F306B0000D54BF /* LoginManagerDelegate.h */ = {isa = PBXFileReference; fileEncoding = 4; lastKnownFileType = sourcecode.c.h; path = LoginManagerDelegate.h; sourceTree = "<group>"; };
		035EDC0F16F3EF73000D54BF /* QuestViewController.h */ = {isa = PBXFileReference; fileEncoding = 4; lastKnownFileType = sourcecode.c.h; path = QuestViewController.h; sourceTree = "<group>"; };
		035EDC1016F3EF73000D54BF /* QuestViewController.m */ = {isa = PBXFileReference; fileEncoding = 4; lastKnownFileType = sourcecode.c.objc; path = QuestViewController.m; sourceTree = "<group>"; };
		035EDC1216F3FA5B000D54BF /* RootViewController.h */ = {isa = PBXFileReference; fileEncoding = 4; lastKnownFileType = sourcecode.c.h; path = RootViewController.h; sourceTree = "<group>"; };
		035EDC1316F3FA5C000D54BF /* RootViewController.m */ = {isa = PBXFileReference; fileEncoding = 4; lastKnownFileType = sourcecode.c.objc; path = RootViewController.m; sourceTree = "<group>"; };
		035EDC1516F42CA2000D54BF /* Constants.h */ = {isa = PBXFileReference; fileEncoding = 4; lastKnownFileType = sourcecode.c.h; lineEnding = 0; path = Constants.h; sourceTree = "<group>"; xcLanguageSpecificationIdentifier = xcode.lang.objcpp; };
		035EDC1616F435CC000D54BF /* LogoutTurtle.h */ = {isa = PBXFileReference; fileEncoding = 4; lastKnownFileType = sourcecode.c.h; path = LogoutTurtle.h; sourceTree = "<group>"; };
		035EDC1716F435CD000D54BF /* LogoutTurtle.m */ = {isa = PBXFileReference; fileEncoding = 4; lastKnownFileType = sourcecode.c.objc; lineEnding = 0; path = LogoutTurtle.m; sourceTree = "<group>"; xcLanguageSpecificationIdentifier = xcode.lang.objc; };
		035EDC1916F435E8000D54BF /* LogoutTurtleDelegate.h */ = {isa = PBXFileReference; fileEncoding = 4; lastKnownFileType = sourcecode.c.h; path = LogoutTurtleDelegate.h; sourceTree = "<group>"; };
		035EDC1A16F44D41000D54BF /* Constants.m */ = {isa = PBXFileReference; fileEncoding = 4; lastKnownFileType = sourcecode.c.objc; lineEnding = 0; path = Constants.m; sourceTree = "<group>"; xcLanguageSpecificationIdentifier = xcode.lang.objc; };
		035EDC2416F50342000D54BF /* wow_icon_large.png */ = {isa = PBXFileReference; lastKnownFileType = image.png; path = wow_icon_large.png; sourceTree = "<group>"; };
		035EDC2516F50342000D54BF /* wow_icon_small.png */ = {isa = PBXFileReference; lastKnownFileType = image.png; path = wow_icon_small.png; sourceTree = "<group>"; };
		037875D716F1ADA000F6195F /* SettingsViewController.h */ = {isa = PBXFileReference; fileEncoding = 4; lastKnownFileType = sourcecode.c.h; path = SettingsViewController.h; sourceTree = "<group>"; };
		037875D816F1ADA100F6195F /* SettingsViewController.m */ = {isa = PBXFileReference; fileEncoding = 4; lastKnownFileType = sourcecode.c.objc; path = SettingsViewController.m; sourceTree = "<group>"; };
		037875DB16F1C27300F6195F /* LoginManager.h */ = {isa = PBXFileReference; fileEncoding = 4; lastKnownFileType = sourcecode.c.h; path = LoginManager.h; sourceTree = "<group>"; };
		037875DC16F1C27300F6195F /* LoginManager.m */ = {isa = PBXFileReference; fileEncoding = 4; lastKnownFileType = sourcecode.c.objc; path = LoginManager.m; sourceTree = "<group>"; };
		03BCE63016F11BBC00FCA1BF /* enQuest.app */ = {isa = PBXFileReference; explicitFileType = wrapper.application; includeInIndex = 0; path = enQuest.app; sourceTree = BUILT_PRODUCTS_DIR; };
		03BCE63316F11BBC00FCA1BF /* UIKit.framework */ = {isa = PBXFileReference; lastKnownFileType = wrapper.framework; name = UIKit.framework; path = System/Library/Frameworks/UIKit.framework; sourceTree = SDKROOT; };
		03BCE63516F11BBC00FCA1BF /* Foundation.framework */ = {isa = PBXFileReference; lastKnownFileType = wrapper.framework; name = Foundation.framework; path = System/Library/Frameworks/Foundation.framework; sourceTree = SDKROOT; };
		03BCE63716F11BBC00FCA1BF /* CoreGraphics.framework */ = {isa = PBXFileReference; lastKnownFileType = wrapper.framework; name = CoreGraphics.framework; path = System/Library/Frameworks/CoreGraphics.framework; sourceTree = SDKROOT; };
		03BCE63B16F11BBC00FCA1BF /* enQuest-Info.plist */ = {isa = PBXFileReference; lastKnownFileType = text.plist.xml; path = "enQuest-Info.plist"; sourceTree = "<group>"; };
		03BCE63D16F11BBC00FCA1BF /* en */ = {isa = PBXFileReference; lastKnownFileType = text.plist.strings; name = en; path = en.lproj/InfoPlist.strings; sourceTree = "<group>"; };
		03BCE63F16F11BBC00FCA1BF /* main.m */ = {isa = PBXFileReference; lastKnownFileType = sourcecode.c.objc; path = main.m; sourceTree = "<group>"; };
		03BCE64116F11BBC00FCA1BF /* enQuest-Prefix.pch */ = {isa = PBXFileReference; lastKnownFileType = sourcecode.c.h; path = "enQuest-Prefix.pch"; sourceTree = "<group>"; };
		03BCE64216F11BBC00FCA1BF /* AppDelegate.h */ = {isa = PBXFileReference; lastKnownFileType = sourcecode.c.h; path = AppDelegate.h; sourceTree = "<group>"; };
		03BCE64316F11BBC00FCA1BF /* AppDelegate.m */ = {isa = PBXFileReference; lastKnownFileType = sourcecode.c.objc; path = AppDelegate.m; sourceTree = "<group>"; };
		03BCE64516F11BBC00FCA1BF /* Default.png */ = {isa = PBXFileReference; lastKnownFileType = image.png; path = Default.png; sourceTree = "<group>"; };
		03BCE64716F11BBC00FCA1BF /* Default@2x.png */ = {isa = PBXFileReference; lastKnownFileType = image.png; path = "Default@2x.png"; sourceTree = "<group>"; };
		03BCE64916F11BBC00FCA1BF /* Default-568h@2x.png */ = {isa = PBXFileReference; lastKnownFileType = image.png; path = "Default-568h@2x.png"; sourceTree = "<group>"; };
		03BCE64C16F11BBC00FCA1BF /* en */ = {isa = PBXFileReference; lastKnownFileType = file.storyboard; name = en; path = en.lproj/MainStoryboard.storyboard; sourceTree = "<group>"; };
		03BCE64E16F11BBC00FCA1BF /* LoginViewController.h */ = {isa = PBXFileReference; lastKnownFileType = sourcecode.c.h; path = LoginViewController.h; sourceTree = "<group>"; };
		03BCE64F16F11BBC00FCA1BF /* LoginViewController.m */ = {isa = PBXFileReference; lastKnownFileType = sourcecode.c.objc; path = LoginViewController.m; sourceTree = "<group>"; };
		03BCE65116F11BBC00FCA1BF /* first.png */ = {isa = PBXFileReference; lastKnownFileType = image.png; path = first.png; sourceTree = "<group>"; };
		03BCE65316F11BBC00FCA1BF /* first@2x.png */ = {isa = PBXFileReference; lastKnownFileType = image.png; path = "first@2x.png"; sourceTree = "<group>"; };
		03BCE65816F11BBC00FCA1BF /* second.png */ = {isa = PBXFileReference; lastKnownFileType = image.png; path = second.png; sourceTree = "<group>"; };
		03BCE65A16F11BBC00FCA1BF /* second@2x.png */ = {isa = PBXFileReference; lastKnownFileType = image.png; path = "second@2x.png"; sourceTree = "<group>"; };
		03BCE66116F11BBC00FCA1BF /* enQuestTests.octest */ = {isa = PBXFileReference; explicitFileType = wrapper.cfbundle; includeInIndex = 0; path = enQuestTests.octest; sourceTree = BUILT_PRODUCTS_DIR; };
		03BCE66216F11BBC00FCA1BF /* SenTestingKit.framework */ = {isa = PBXFileReference; lastKnownFileType = wrapper.framework; name = SenTestingKit.framework; path = Library/Frameworks/SenTestingKit.framework; sourceTree = DEVELOPER_DIR; };
		03BCE66A16F11BBC00FCA1BF /* enQuestTests-Info.plist */ = {isa = PBXFileReference; lastKnownFileType = text.plist.xml; path = "enQuestTests-Info.plist"; sourceTree = "<group>"; };
		03BCE66C16F11BBC00FCA1BF /* en */ = {isa = PBXFileReference; lastKnownFileType = text.plist.strings; name = en; path = en.lproj/InfoPlist.strings; sourceTree = "<group>"; };
		03BCE66E16F11BBC00FCA1BF /* enQuestTests.h */ = {isa = PBXFileReference; lastKnownFileType = sourcecode.c.h; path = enQuestTests.h; sourceTree = "<group>"; };
		03BCE66F16F11BBC00FCA1BF /* enQuestTests.m */ = {isa = PBXFileReference; lastKnownFileType = sourcecode.c.objc; path = enQuestTests.m; sourceTree = "<group>"; };
		03BCE67916F1322500FCA1BF /* Turtle.h */ = {isa = PBXFileReference; fileEncoding = 4; lastKnownFileType = sourcecode.c.h; path = Turtle.h; sourceTree = "<group>"; };
		03BCE67A16F1322500FCA1BF /* Turtle.m */ = {isa = PBXFileReference; fileEncoding = 4; lastKnownFileType = sourcecode.c.objc; lineEnding = 0; path = Turtle.m; sourceTree = "<group>"; xcLanguageSpecificationIdentifier = xcode.lang.objc; };
		03BCE67B16F1322500FCA1BF /* LoginTurtle.h */ = {isa = PBXFileReference; fileEncoding = 4; lastKnownFileType = sourcecode.c.h; path = LoginTurtle.h; sourceTree = "<group>"; };
		03BCE67C16F1322500FCA1BF /* LoginTurtle.m */ = {isa = PBXFileReference; fileEncoding = 4; lastKnownFileType = sourcecode.c.objc; lineEnding = 0; path = LoginTurtle.m; sourceTree = "<group>"; xcLanguageSpecificationIdentifier = xcode.lang.objc; };
		03BCE67D16F1322500FCA1BF /* LoginTurtleDelegate.h */ = {isa = PBXFileReference; fileEncoding = 4; lastKnownFileType = sourcecode.c.h; path = LoginTurtleDelegate.h; sourceTree = "<group>"; };
		03BCE68216F132BA00FCA1BF /* MasterQueueManager.h */ = {isa = PBXFileReference; fileEncoding = 4; lastKnownFileType = sourcecode.c.h; path = MasterQueueManager.h; sourceTree = "<group>"; };
		03BCE68316F132BA00FCA1BF /* MasterQueueManager.m */ = {isa = PBXFileReference; fileEncoding = 4; lastKnownFileType = sourcecode.c.objc; path = MasterQueueManager.m; sourceTree = "<group>"; };
		03BCE68716F1333700FCA1BF /* SYNTHESIZE_GOD.h */ = {isa = PBXFileReference; fileEncoding = 4; lastKnownFileType = sourcecode.c.h; path = SYNTHESIZE_GOD.h; sourceTree = "<group>"; };
/* End PBXFileReference section */

/* Begin PBXFrameworksBuildPhase section */
		03BCE62D16F11BBC00FCA1BF /* Frameworks */ = {
			isa = PBXFrameworksBuildPhase;
			buildActionMask = 2147483647;
			files = (
				03BCE63416F11BBC00FCA1BF /* UIKit.framework in Frameworks */,
				03BCE63616F11BBC00FCA1BF /* Foundation.framework in Frameworks */,
				03BCE63816F11BBC00FCA1BF /* CoreGraphics.framework in Frameworks */,
			);
			runOnlyForDeploymentPostprocessing = 0;
		};
		03BCE65D16F11BBC00FCA1BF /* Frameworks */ = {
			isa = PBXFrameworksBuildPhase;
			buildActionMask = 2147483647;
			files = (
				03BCE66316F11BBC00FCA1BF /* SenTestingKit.framework in Frameworks */,
				03BCE66416F11BBC00FCA1BF /* UIKit.framework in Frameworks */,
				03BCE66516F11BBC00FCA1BF /* Foundation.framework in Frameworks */,
			);
			runOnlyForDeploymentPostprocessing = 0;
		};
/* End PBXFrameworksBuildPhase section */

/* Begin PBXGroup section */
		035EDC0C16F2F84B000D54BF /* Helpers and Turtles */ = {
			isa = PBXGroup;
			children = (
				037875DB16F1C27300F6195F /* LoginManager.h */,
				037875DC16F1C27300F6195F /* LoginManager.m */,
				035EDC0D16F306B0000D54BF /* LoginManagerDelegate.h */,
				03BCE67916F1322500FCA1BF /* Turtle.h */,
				03BCE67A16F1322500FCA1BF /* Turtle.m */,
				03BCE67B16F1322500FCA1BF /* LoginTurtle.h */,
				03BCE67C16F1322500FCA1BF /* LoginTurtle.m */,
				03BCE67D16F1322500FCA1BF /* LoginTurtleDelegate.h */,
				035EDC1616F435CC000D54BF /* LogoutTurtle.h */,
				035EDC1716F435CD000D54BF /* LogoutTurtle.m */,
				035EDC1916F435E8000D54BF /* LogoutTurtleDelegate.h */,
				035EDC0616F2DF2F000D54BF /* RegistrationTurtle.h */,
				035EDC0716F2DF30000D54BF /* RegistrationTurtle.m */,
				035EDC0916F2E262000D54BF /* RegistrationTurtleDelegate.h */,
				03BCE68216F132BA00FCA1BF /* MasterQueueManager.h */,
				03BCE68316F132BA00FCA1BF /* MasterQueueManager.m */,
			);
			name = "Helpers and Turtles";
			sourceTree = "<group>";
		};
		03BCE62716F11BBC00FCA1BF = {
			isa = PBXGroup;
			children = (
				03BCE63916F11BBC00FCA1BF /* enQuest */,
				03BCE66816F11BBC00FCA1BF /* enQuestTests */,
				03BCE63216F11BBC00FCA1BF /* Frameworks */,
				03BCE63116F11BBC00FCA1BF /* Products */,
			);
			sourceTree = "<group>";
		};
		03BCE63116F11BBC00FCA1BF /* Products */ = {
			isa = PBXGroup;
			children = (
				03BCE63016F11BBC00FCA1BF /* enQuest.app */,
				03BCE66116F11BBC00FCA1BF /* enQuestTests.octest */,
			);
			name = Products;
			sourceTree = "<group>";
		};
		03BCE63216F11BBC00FCA1BF /* Frameworks */ = {
			isa = PBXGroup;
			children = (
				03BCE63316F11BBC00FCA1BF /* UIKit.framework */,
				03BCE63516F11BBC00FCA1BF /* Foundation.framework */,
				03BCE63716F11BBC00FCA1BF /* CoreGraphics.framework */,
				03BCE66216F11BBC00FCA1BF /* SenTestingKit.framework */,
			);
			name = Frameworks;
			sourceTree = "<group>";
		};
		03BCE63916F11BBC00FCA1BF /* enQuest */ = {
			isa = PBXGroup;
			children = (
				03BCE64B16F11BBC00FCA1BF /* MainStoryboard.storyboard */,
				03BCE64216F11BBC00FCA1BF /* AppDelegate.h */,
				03BCE64316F11BBC00FCA1BF /* AppDelegate.m */,
				035EDC1216F3FA5B000D54BF /* RootViewController.h */,
				035EDC1316F3FA5C000D54BF /* RootViewController.m */,
				03BCE64E16F11BBC00FCA1BF /* LoginViewController.h */,
				03BCE64F16F11BBC00FCA1BF /* LoginViewController.m */,
				037875D716F1ADA000F6195F /* SettingsViewController.h */,
				037875D816F1ADA100F6195F /* SettingsViewController.m */,
				035EDC0F16F3EF73000D54BF /* QuestViewController.h */,
				035EDC1016F3EF73000D54BF /* QuestViewController.m */,
				035EDC0C16F2F84B000D54BF /* Helpers and Turtles */,
				03BCE63A16F11BBC00FCA1BF /* Supporting Files */,
			);
			path = enQuest;
			sourceTree = "<group>";
		};
		03BCE63A16F11BBC00FCA1BF /* Supporting Files */ = {
			isa = PBXGroup;
			children = (
				035EDC1516F42CA2000D54BF /* Constants.h */,
				035EDC1A16F44D41000D54BF /* Constants.m */,
				03BCE68616F1332400FCA1BF /* Macros */,
				035EDC2416F50342000D54BF /* wow_icon_large.png */,
				035EDC2516F50342000D54BF /* wow_icon_small.png */,
				03BCE65116F11BBC00FCA1BF /* first.png */,
				03BCE65316F11BBC00FCA1BF /* first@2x.png */,
				03BCE65816F11BBC00FCA1BF /* second.png */,
				03BCE65A16F11BBC00FCA1BF /* second@2x.png */,
				03BCE63B16F11BBC00FCA1BF /* enQuest-Info.plist */,
				03BCE63C16F11BBC00FCA1BF /* InfoPlist.strings */,
				03BCE63F16F11BBC00FCA1BF /* main.m */,
				03BCE64116F11BBC00FCA1BF /* enQuest-Prefix.pch */,
				03BCE64516F11BBC00FCA1BF /* Default.png */,
				03BCE64716F11BBC00FCA1BF /* Default@2x.png */,
				03BCE64916F11BBC00FCA1BF /* Default-568h@2x.png */,
			);
			name = "Supporting Files";
			sourceTree = "<group>";
		};
		03BCE66816F11BBC00FCA1BF /* enQuestTests */ = {
			isa = PBXGroup;
			children = (
				03BCE66E16F11BBC00FCA1BF /* enQuestTests.h */,
				03BCE66F16F11BBC00FCA1BF /* enQuestTests.m */,
				03BCE66916F11BBC00FCA1BF /* Supporting Files */,
			);
			path = enQuestTests;
			sourceTree = "<group>";
		};
		03BCE66916F11BBC00FCA1BF /* Supporting Files */ = {
			isa = PBXGroup;
			children = (
				03BCE66A16F11BBC00FCA1BF /* enQuestTests-Info.plist */,
				03BCE66B16F11BBC00FCA1BF /* InfoPlist.strings */,
			);
			name = "Supporting Files";
			sourceTree = "<group>";
		};
		03BCE68616F1332400FCA1BF /* Macros */ = {
			isa = PBXGroup;
			children = (
				03BCE68716F1333700FCA1BF /* SYNTHESIZE_GOD.h */,
			);
			name = Macros;
			sourceTree = "<group>";
		};
/* End PBXGroup section */

/* Begin PBXNativeTarget section */
		03BCE62F16F11BBC00FCA1BF /* enQuest */ = {
			isa = PBXNativeTarget;
			buildConfigurationList = 03BCE67316F11BBC00FCA1BF /* Build configuration list for PBXNativeTarget "enQuest" */;
			buildPhases = (
				03BCE62C16F11BBC00FCA1BF /* Sources */,
				03BCE62D16F11BBC00FCA1BF /* Frameworks */,
				03BCE62E16F11BBC00FCA1BF /* Resources */,
			);
			buildRules = (
			);
			dependencies = (
			);
			name = enQuest;
			productName = enQuest;
			productReference = 03BCE63016F11BBC00FCA1BF /* enQuest.app */;
			productType = "com.apple.product-type.application";
		};
		03BCE66016F11BBC00FCA1BF /* enQuestTests */ = {
			isa = PBXNativeTarget;
			buildConfigurationList = 03BCE67616F11BBC00FCA1BF /* Build configuration list for PBXNativeTarget "enQuestTests" */;
			buildPhases = (
				03BCE65C16F11BBC00FCA1BF /* Sources */,
				03BCE65D16F11BBC00FCA1BF /* Frameworks */,
				03BCE65E16F11BBC00FCA1BF /* Resources */,
				03BCE65F16F11BBC00FCA1BF /* ShellScript */,
			);
			buildRules = (
			);
			dependencies = (
				03BCE66716F11BBC00FCA1BF /* PBXTargetDependency */,
			);
			name = enQuestTests;
			productName = enQuestTests;
			productReference = 03BCE66116F11BBC00FCA1BF /* enQuestTests.octest */;
			productType = "com.apple.product-type.bundle";
		};
/* End PBXNativeTarget section */

/* Begin PBXProject section */
		03BCE62816F11BBC00FCA1BF /* Project object */ = {
			isa = PBXProject;
			attributes = {
				CLASSPREFIX = EQ;
				LastUpgradeCheck = 0460;
				ORGANIZATIONNAME = iteloolab;
			};
			buildConfigurationList = 03BCE62B16F11BBC00FCA1BF /* Build configuration list for PBXProject "enQuest" */;
			compatibilityVersion = "Xcode 3.2";
			developmentRegion = English;
			hasScannedForEncodings = 0;
			knownRegions = (
				en,
			);
			mainGroup = 03BCE62716F11BBC00FCA1BF;
			productRefGroup = 03BCE63116F11BBC00FCA1BF /* Products */;
			projectDirPath = "";
			projectRoot = "";
			targets = (
				03BCE62F16F11BBC00FCA1BF /* enQuest */,
				03BCE66016F11BBC00FCA1BF /* enQuestTests */,
			);
		};
/* End PBXProject section */

/* Begin PBXResourcesBuildPhase section */
		03BCE62E16F11BBC00FCA1BF /* Resources */ = {
			isa = PBXResourcesBuildPhase;
			buildActionMask = 2147483647;
			files = (
				03BCE63E16F11BBC00FCA1BF /* InfoPlist.strings in Resources */,
				03BCE64616F11BBC00FCA1BF /* Default.png in Resources */,
				03BCE64816F11BBC00FCA1BF /* Default@2x.png in Resources */,
				03BCE64A16F11BBC00FCA1BF /* Default-568h@2x.png in Resources */,
				03BCE64D16F11BBC00FCA1BF /* MainStoryboard.storyboard in Resources */,
				03BCE65216F11BBC00FCA1BF /* first.png in Resources */,
				03BCE65416F11BBC00FCA1BF /* first@2x.png in Resources */,
				03BCE65916F11BBC00FCA1BF /* second.png in Resources */,
				03BCE65B16F11BBC00FCA1BF /* second@2x.png in Resources */,
				035EDC2616F50342000D54BF /* wow_icon_large.png in Resources */,
				035EDC2716F50342000D54BF /* wow_icon_small.png in Resources */,
			);
			runOnlyForDeploymentPostprocessing = 0;
		};
		03BCE65E16F11BBC00FCA1BF /* Resources */ = {
			isa = PBXResourcesBuildPhase;
			buildActionMask = 2147483647;
			files = (
				03BCE66D16F11BBC00FCA1BF /* InfoPlist.strings in Resources */,
			);
			runOnlyForDeploymentPostprocessing = 0;
		};
/* End PBXResourcesBuildPhase section */

/* Begin PBXShellScriptBuildPhase section */
		03BCE65F16F11BBC00FCA1BF /* ShellScript */ = {
			isa = PBXShellScriptBuildPhase;
			buildActionMask = 2147483647;
			files = (
			);
			inputPaths = (
			);
			outputPaths = (
			);
			runOnlyForDeploymentPostprocessing = 0;
			shellPath = /bin/sh;
			shellScript = "# Run the unit tests in this test bundle.\n\"${SYSTEM_DEVELOPER_DIR}/Tools/RunUnitTests\"\n";
		};
/* End PBXShellScriptBuildPhase section */

/* Begin PBXSourcesBuildPhase section */
		03BCE62C16F11BBC00FCA1BF /* Sources */ = {
			isa = PBXSourcesBuildPhase;
			buildActionMask = 2147483647;
			files = (
				03BCE64016F11BBC00FCA1BF /* main.m in Sources */,
				03BCE64416F11BBC00FCA1BF /* AppDelegate.m in Sources */,
				03BCE65016F11BBC00FCA1BF /* LoginViewController.m in Sources */,
				03BCE67E16F1322500FCA1BF /* Turtle.m in Sources */,
				03BCE68016F1322500FCA1BF /* LoginTurtle.m in Sources */,
				03BCE68416F132BA00FCA1BF /* MasterQueueManager.m in Sources */,
				037875D916F1ADA100F6195F /* SettingsViewController.m in Sources */,
				037875DD16F1C27300F6195F /* LoginManager.m in Sources */,
				035EDC0816F2DF30000D54BF /* RegistrationTurtle.m in Sources */,
				035EDC1116F3EF74000D54BF /* QuestViewController.m in Sources */,
				035EDC1416F3FA5C000D54BF /* RootViewController.m in Sources */,
				035EDC1816F435CD000D54BF /* LogoutTurtle.m in Sources */,
				035EDC1B16F44D41000D54BF /* Constants.m in Sources */,
			);
			runOnlyForDeploymentPostprocessing = 0;
		};
		03BCE65C16F11BBC00FCA1BF /* Sources */ = {
			isa = PBXSourcesBuildPhase;
			buildActionMask = 2147483647;
			files = (
				03BCE67016F11BBC00FCA1BF /* enQuestTests.m in Sources */,
				03BCE67F16F1322500FCA1BF /* Turtle.m in Sources */,
				03BCE68116F1322600FCA1BF /* LoginTurtle.m in Sources */,
				03BCE68516F132BA00FCA1BF /* MasterQueueManager.m in Sources */,
				037875DA16F1ADA100F6195F /* SettingsViewController.m in Sources */,
				037875DE16F1C27300F6195F /* LoginManager.m in Sources */,
			);
			runOnlyForDeploymentPostprocessing = 0;
		};
/* End PBXSourcesBuildPhase section */

/* Begin PBXTargetDependency section */
		03BCE66716F11BBC00FCA1BF /* PBXTargetDependency */ = {
			isa = PBXTargetDependency;
			target = 03BCE62F16F11BBC00FCA1BF /* enQuest */;
			targetProxy = 03BCE66616F11BBC00FCA1BF /* PBXContainerItemProxy */;
		};
/* End PBXTargetDependency section */

/* Begin PBXVariantGroup section */
		03BCE63C16F11BBC00FCA1BF /* InfoPlist.strings */ = {
			isa = PBXVariantGroup;
			children = (
				03BCE63D16F11BBC00FCA1BF /* en */,
			);
			name = InfoPlist.strings;
			sourceTree = "<group>";
		};
		03BCE64B16F11BBC00FCA1BF /* MainStoryboard.storyboard */ = {
			isa = PBXVariantGroup;
			children = (
				03BCE64C16F11BBC00FCA1BF /* en */,
			);
			name = MainStoryboard.storyboard;
			sourceTree = "<group>";
		};
		03BCE66B16F11BBC00FCA1BF /* InfoPlist.strings */ = {
			isa = PBXVariantGroup;
			children = (
				03BCE66C16F11BBC00FCA1BF /* en */,
			);
			name = InfoPlist.strings;
			sourceTree = "<group>";
		};
/* End PBXVariantGroup section */

/* Begin XCBuildConfiguration section */
		03BCE67116F11BBC00FCA1BF /* Debug */ = {
			isa = XCBuildConfiguration;
			buildSettings = {
				ALWAYS_SEARCH_USER_PATHS = NO;
				CLANG_CXX_LANGUAGE_STANDARD = "gnu++0x";
				CLANG_CXX_LIBRARY = "libc++";
				CLANG_ENABLE_OBJC_ARC = YES;
				CLANG_WARN_CONSTANT_CONVERSION = YES;
				CLANG_WARN_EMPTY_BODY = YES;
				CLANG_WARN_ENUM_CONVERSION = YES;
				CLANG_WARN_INT_CONVERSION = YES;
				CLANG_WARN__DUPLICATE_METHOD_MATCH = YES;
				"CODE_SIGN_IDENTITY[sdk=iphoneos*]" = "iPhone Developer";
				COPY_PHASE_STRIP = NO;
				GCC_C_LANGUAGE_STANDARD = gnu99;
				GCC_DYNAMIC_NO_PIC = NO;
				GCC_OPTIMIZATION_LEVEL = 0;
				GCC_PREPROCESSOR_DEFINITIONS = (
					"DEBUG=1",
					"$(inherited)",
				);
				GCC_SYMBOLS_PRIVATE_EXTERN = NO;
				GCC_WARN_ABOUT_RETURN_TYPE = YES;
				GCC_WARN_UNINITIALIZED_AUTOS = YES;
				GCC_WARN_UNUSED_VARIABLE = YES;
				IPHONEOS_DEPLOYMENT_TARGET = 6.1;
				ONLY_ACTIVE_ARCH = YES;
				SDKROOT = iphoneos;
			};
			name = Debug;
		};
		03BCE67216F11BBC00FCA1BF /* Release */ = {
			isa = XCBuildConfiguration;
			buildSettings = {
				ALWAYS_SEARCH_USER_PATHS = NO;
				CLANG_CXX_LANGUAGE_STANDARD = "gnu++0x";
				CLANG_CXX_LIBRARY = "libc++";
				CLANG_ENABLE_OBJC_ARC = YES;
				CLANG_WARN_CONSTANT_CONVERSION = YES;
				CLANG_WARN_EMPTY_BODY = YES;
				CLANG_WARN_ENUM_CONVERSION = YES;
				CLANG_WARN_INT_CONVERSION = YES;
				CLANG_WARN__DUPLICATE_METHOD_MATCH = YES;
				"CODE_SIGN_IDENTITY[sdk=iphoneos*]" = "iPhone Developer";
				COPY_PHASE_STRIP = YES;
				GCC_C_LANGUAGE_STANDARD = gnu99;
				GCC_WARN_ABOUT_RETURN_TYPE = YES;
				GCC_WARN_UNINITIALIZED_AUTOS = YES;
				GCC_WARN_UNUSED_VARIABLE = YES;
				IPHONEOS_DEPLOYMENT_TARGET = 6.1;
				OTHER_CFLAGS = "-DNS_BLOCK_ASSERTIONS=1";
				SDKROOT = iphoneos;
				VALIDATE_PRODUCT = YES;
			};
			name = Release;
		};
		03BCE67416F11BBC00FCA1BF /* Debug */ = {
			isa = XCBuildConfiguration;
			buildSettings = {
				GCC_PRECOMPILE_PREFIX_HEADER = YES;
				GCC_PREFIX_HEADER = "enQuest/enQuest-Prefix.pch";
				INFOPLIST_FILE = "enQuest/enQuest-Info.plist";
				PRODUCT_NAME = "$(TARGET_NAME)";
				WRAPPER_EXTENSION = app;
			};
			name = Debug;
		};
		03BCE67516F11BBC00FCA1BF /* Release */ = {
			isa = XCBuildConfiguration;
			buildSettings = {
				GCC_PRECOMPILE_PREFIX_HEADER = YES;
				GCC_PREFIX_HEADER = "enQuest/enQuest-Prefix.pch";
				INFOPLIST_FILE = "enQuest/enQuest-Info.plist";
				PRODUCT_NAME = "$(TARGET_NAME)";
				WRAPPER_EXTENSION = app;
			};
			name = Release;
		};
		03BCE67716F11BBC00FCA1BF /* Debug */ = {
			isa = XCBuildConfiguration;
			buildSettings = {
				BUNDLE_LOADER = "$(BUILT_PRODUCTS_DIR)/enQuest.app/enQuest";
				FRAMEWORK_SEARCH_PATHS = (
					"\"$(SDKROOT)/Developer/Library/Frameworks\"",
					"\"$(DEVELOPER_LIBRARY_DIR)/Frameworks\"",
				);
				GCC_PRECOMPILE_PREFIX_HEADER = YES;
				GCC_PREFIX_HEADER = "enQuest/enQuest-Prefix.pch";
				INFOPLIST_FILE = "enQuestTests/enQuestTests-Info.plist";
				PRODUCT_NAME = "$(TARGET_NAME)";
				TEST_HOST = "$(BUNDLE_LOADER)";
				WRAPPER_EXTENSION = octest;
			};
			name = Debug;
		};
		03BCE67816F11BBC00FCA1BF /* Release */ = {
			isa = XCBuildConfiguration;
			buildSettings = {
				BUNDLE_LOADER = "$(BUILT_PRODUCTS_DIR)/enQuest.app/enQuest";
				FRAMEWORK_SEARCH_PATHS = (
					"\"$(SDKROOT)/Developer/Library/Frameworks\"",
					"\"$(DEVELOPER_LIBRARY_DIR)/Frameworks\"",
				);
				GCC_PRECOMPILE_PREFIX_HEADER = YES;
				GCC_PREFIX_HEADER = "enQuest/enQuest-Prefix.pch";
				INFOPLIST_FILE = "enQuestTests/enQuestTests-Info.plist";
				PRODUCT_NAME = "$(TARGET_NAME)";
				TEST_HOST = "$(BUNDLE_LOADER)";
				WRAPPER_EXTENSION = octest;
			};
			name = Release;
		};
/* End XCBuildConfiguration section */

/* Begin XCConfigurationList section */
		03BCE62B16F11BBC00FCA1BF /* Build configuration list for PBXProject "enQuest" */ = {
			isa = XCConfigurationList;
			buildConfigurations = (
				03BCE67116F11BBC00FCA1BF /* Debug */,
				03BCE67216F11BBC00FCA1BF /* Release */,
			);
			defaultConfigurationIsVisible = 0;
			defaultConfigurationName = Release;
		};
		03BCE67316F11BBC00FCA1BF /* Build configuration list for PBXNativeTarget "enQuest" */ = {
			isa = XCConfigurationList;
			buildConfigurations = (
				03BCE67416F11BBC00FCA1BF /* Debug */,
				03BCE67516F11BBC00FCA1BF /* Release */,
			);
			defaultConfigurationIsVisible = 0;
			defaultConfigurationName = Release;
		};
		03BCE67616F11BBC00FCA1BF /* Build configuration list for PBXNativeTarget "enQuestTests" */ = {
			isa = XCConfigurationList;
			buildConfigurations = (
				03BCE67716F11BBC00FCA1BF /* Debug */,
				03BCE67816F11BBC00FCA1BF /* Release */,
			);
			defaultConfigurationIsVisible = 0;
			defaultConfigurationName = Release;
		};
/* End XCConfigurationList section */
	};
	rootObject = 03BCE62816F11BBC00FCA1BF /* Project object */;
}
